
Microsoft Visual Studio Solution File, Format Version 12.00
# Visual Studio 2013
VisualStudioVersion = 12.0.31101.0
MinimumVisualStudioVersion = 10.0.40219.1
Project("{FAE04EC0-301F-11D3-BF4B-00C04F79EFBC}") = "AdoExecutor", "AdoExecutor\AdoExecutor.csproj", "{5EE4034A-03D7-4385-AC9C-9F5214F711EE}"
EndProject
Project("{FAE04EC0-301F-11D3-BF4B-00C04F79EFBC}") = "AdoExecutor.UnitTest", "AdoExecutor.UnitTest\AdoExecutor.UnitTest.csproj", "{725A14E1-133B-4F0E-B037-D64CA0D53CE6}"
EndProject
Project("{FAE04EC0-301F-11D3-BF4B-00C04F79EFBC}") = "AdoExecutor.IntegrationTest.Sql", "AdoExecutor.IntegrationTest.Sql\AdoExecutor.IntegrationTest.Sql.csproj", "{2DBFE8FC-B71D-497D-AC36-67CD62886562}"
EndProject
Global
	GlobalSection(SolutionConfigurationPlatforms) = preSolution
		Debug|Any CPU = Debug|Any CPU
		Release|Any CPU = Release|Any CPU
	EndGlobalSection
	GlobalSection(ProjectConfigurationPlatforms) = postSolution
		{5EE4034A-03D7-4385-AC9C-9F5214F711EE}.Debug|Any CPU.ActiveCfg = Debug|Any CPU
		{5EE4034A-03D7-4385-AC9C-9F5214F711EE}.Debug|Any CPU.Build.0 = Debug|Any CPU
		{5EE4034A-03D7-4385-AC9C-9F5214F711EE}.Release|Any CPU.ActiveCfg = Release|Any CPU
		{5EE4034A-03D7-4385-AC9C-9F5214F711EE}.Release|Any CPU.Build.0 = Release|Any CPU
		{725A14E1-133B-4F0E-B037-D64CA0D53CE6}.Debug|Any CPU.ActiveCfg = Debug|Any CPU
		{725A14E1-133B-4F0E-B037-D64CA0D53CE6}.Debug|Any CPU.Build.0 = Debug|Any CPU
		{725A14E1-133B-4F0E-B037-D64CA0D53CE6}.Release|Any CPU.ActiveCfg = Release|Any CPU
		{725A14E1-133B-4F0E-B037-D64CA0D53CE6}.Release|Any CPU.Build.0 = Release|Any CPU
		{2DBFE8FC-B71D-497D-AC36-67CD62886562}.Debug|Any CPU.ActiveCfg = Debug|Any CPU
		{2DBFE8FC-B71D-497D-AC36-67CD62886562}.Debug|Any CPU.Build.0 = Debug|Any CPU
		{2DBFE8FC-B71D-497D-AC36-67CD62886562}.Release|Any CPU.ActiveCfg = Release|Any CPU
		{2DBFE8FC-B71D-497D-AC36-67CD62886562}.Release|Any CPU.Build.0 = Release|Any CPU
	EndGlobalSection
	GlobalSection(SolutionProperties) = preSolution
		HideSolutionNode = FALSE
	EndGlobalSection
EndGlobal
